
Microsoft Visual Studio Solution File, Format Version 12.00
# Visual Studio Version 17
VisualStudioVersion = 17.8.34408.163
MinimumVisualStudioVersion = 10.0.40219.1
Project("{FAE04EC0-301F-11D3-BF4B-00C04F79EFBC}") = "UsingGenericList", "UsingGenericList\UsingGenericList.csproj", "{FD324203-030F-4480-BA34-B4AD57A1BBD3}"
EndProject
Global
	GlobalSection(SolutionConfigurationPlatforms) = preSolution
		Debug|Any CPU = Debug|Any CPU
		Release|Any CPU = Release|Any CPU
	EndGlobalSection
	GlobalSection(ProjectConfigurationPlatforms) = postSolution
		{FD324203-030F-4480-BA34-B4AD57A1BBD3}.Debug|Any CPU.ActiveCfg = Debug|Any CPU
		{FD324203-030F-4480-BA34-B4AD57A1BBD3}.Debug|Any CPU.Build.0 = Debug|Any CPU
		{FD324203-030F-4480-BA34-B4AD57A1BBD3}.Release|Any CPU.ActiveCfg = Release|Any CPU
		{FD324203-030F-4480-BA34-B4AD57A1BBD3}.Release|Any CPU.Build.0 = Release|Any CPU
	EndGlobalSection
	GlobalSection(SolutionProperties) = preSolution
		HideSolutionNode = FALSE
	EndGlobalSection
	GlobalSection(ExtensibilityGlobals) = postSolution
		SolutionGuid = {544DF2F0-8940-434A-9208-6F845674BBCF}
	EndGlobalSection
EndGlobal
