
Microsoft Visual Studio Solution File, Format Version 12.00
# Visual Studio Version 17
VisualStudioVersion = 17.8.34408.163
MinimumVisualStudioVersion = 10.0.40219.1
Project("{FAE04EC0-301F-11D3-BF4B-00C04F79EFBC}") = "Inheritance", "Inheritance\Inheritance.csproj", "{C9499A43-BD3D-4551-BEA7-A276B8A450EB}"
EndProject
Project("{2150E333-8FDC-42A3-9474-1A3956D46DE8}") = "솔루션 항목", "솔루션 항목", "{56235455-F16E-41F5-9FEF-306482659F3D}"
EndProject
Global
	GlobalSection(SolutionConfigurationPlatforms) = preSolution
		Debug|Any CPU = Debug|Any CPU
		Release|Any CPU = Release|Any CPU
	EndGlobalSection
	GlobalSection(ProjectConfigurationPlatforms) = postSolution
		{C9499A43-BD3D-4551-BEA7-A276B8A450EB}.Debug|Any CPU.ActiveCfg = Debug|Any CPU
		{C9499A43-BD3D-4551-BEA7-A276B8A450EB}.Debug|Any CPU.Build.0 = Debug|Any CPU
		{C9499A43-BD3D-4551-BEA7-A276B8A450EB}.Release|Any CPU.ActiveCfg = Release|Any CPU
		{C9499A43-BD3D-4551-BEA7-A276B8A450EB}.Release|Any CPU.Build.0 = Release|Any CPU
	EndGlobalSection
	GlobalSection(SolutionProperties) = preSolution
		HideSolutionNode = FALSE
	EndGlobalSection
	GlobalSection(ExtensibilityGlobals) = postSolution
		SolutionGuid = {D19074AC-DA1F-4C20-9733-F4A72A38D077}
	EndGlobalSection
EndGlobal
