
Microsoft Visual Studio Solution File, Format Version 12.00
# Visual Studio Version 17
VisualStudioVersion = 17.8.34408.163
MinimumVisualStudioVersion = 10.0.40219.1
Project("{FAE04EC0-301F-11D3-BF4B-00C04F79EFBC}") = "Overriding", "Overriding\Overriding.csproj", "{AC1AD758-5D31-4624-8744-EEEA6F75D77B}"
EndProject
Global
	GlobalSection(SolutionConfigurationPlatforms) = preSolution
		Debug|Any CPU = Debug|Any CPU
		Release|Any CPU = Release|Any CPU
	EndGlobalSection
	GlobalSection(ProjectConfigurationPlatforms) = postSolution
		{AC1AD758-5D31-4624-8744-EEEA6F75D77B}.Debug|Any CPU.ActiveCfg = Debug|Any CPU
		{AC1AD758-5D31-4624-8744-EEEA6F75D77B}.Debug|Any CPU.Build.0 = Debug|Any CPU
		{AC1AD758-5D31-4624-8744-EEEA6F75D77B}.Release|Any CPU.ActiveCfg = Release|Any CPU
		{AC1AD758-5D31-4624-8744-EEEA6F75D77B}.Release|Any CPU.Build.0 = Release|Any CPU
	EndGlobalSection
	GlobalSection(SolutionProperties) = preSolution
		HideSolutionNode = FALSE
	EndGlobalSection
	GlobalSection(ExtensibilityGlobals) = postSolution
		SolutionGuid = {436A65D9-E74F-4613-B0DB-B8AA3B2259A3}
	EndGlobalSection
EndGlobal
