
Microsoft Visual Studio Solution File, Format Version 12.00
# Visual Studio Version 17
VisualStudioVersion = 17.8.34408.163
MinimumVisualStudioVersion = 10.0.40219.1
Project("{FAE04EC0-301F-11D3-BF4B-00C04F79EFBC}") = "DeepCopy", "DeepCopy\DeepCopy.csproj", "{87A38B18-FCB1-459A-A37B-A36DC6A8CDDF}"
EndProject
Global
	GlobalSection(SolutionConfigurationPlatforms) = preSolution
		Debug|Any CPU = Debug|Any CPU
		Release|Any CPU = Release|Any CPU
	EndGlobalSection
	GlobalSection(ProjectConfigurationPlatforms) = postSolution
		{87A38B18-FCB1-459A-A37B-A36DC6A8CDDF}.Debug|Any CPU.ActiveCfg = Debug|Any CPU
		{87A38B18-FCB1-459A-A37B-A36DC6A8CDDF}.Debug|Any CPU.Build.0 = Debug|Any CPU
		{87A38B18-FCB1-459A-A37B-A36DC6A8CDDF}.Release|Any CPU.ActiveCfg = Release|Any CPU
		{87A38B18-FCB1-459A-A37B-A36DC6A8CDDF}.Release|Any CPU.Build.0 = Release|Any CPU
	EndGlobalSection
	GlobalSection(SolutionProperties) = preSolution
		HideSolutionNode = FALSE
	EndGlobalSection
	GlobalSection(ExtensibilityGlobals) = postSolution
		SolutionGuid = {FE6C002D-5984-43BA-B1A5-C7D60C2B68A9}
	EndGlobalSection
EndGlobal
