
Microsoft Visual Studio Solution File, Format Version 12.00
# Visual Studio Version 17
VisualStudioVersion = 17.8.34408.163
MinimumVisualStudioVersion = 10.0.40219.1
Project("{FAE04EC0-301F-11D3-BF4B-00C04F79EFBC}") = "KillingProgram", "KillingProgram\KillingProgram.csproj", "{A31EC8C8-EEBF-45C7-A3A1-BB186AC4BE7D}"
EndProject
Global
	GlobalSection(SolutionConfigurationPlatforms) = preSolution
		Debug|Any CPU = Debug|Any CPU
		Release|Any CPU = Release|Any CPU
	EndGlobalSection
	GlobalSection(ProjectConfigurationPlatforms) = postSolution
		{A31EC8C8-EEBF-45C7-A3A1-BB186AC4BE7D}.Debug|Any CPU.ActiveCfg = Debug|Any CPU
		{A31EC8C8-EEBF-45C7-A3A1-BB186AC4BE7D}.Debug|Any CPU.Build.0 = Debug|Any CPU
		{A31EC8C8-EEBF-45C7-A3A1-BB186AC4BE7D}.Release|Any CPU.ActiveCfg = Release|Any CPU
		{A31EC8C8-EEBF-45C7-A3A1-BB186AC4BE7D}.Release|Any CPU.Build.0 = Release|Any CPU
	EndGlobalSection
	GlobalSection(SolutionProperties) = preSolution
		HideSolutionNode = FALSE
	EndGlobalSection
	GlobalSection(ExtensibilityGlobals) = postSolution
		SolutionGuid = {70497C58-8273-46C1-8560-354115BFD20B}
	EndGlobalSection
EndGlobal
