
Microsoft Visual Studio Solution File, Format Version 12.00
# Visual Studio Version 17
VisualStudioVersion = 17.8.34408.163
MinimumVisualStudioVersion = 10.0.40219.1
Project("{FAE04EC0-301F-11D3-BF4B-00C04F79EFBC}") = "Hashtable", "Hashtable\Hashtable.csproj", "{7874CB94-8FA5-4354-884C-E833EC3DC46A}"
EndProject
Global
	GlobalSection(SolutionConfigurationPlatforms) = preSolution
		Debug|Any CPU = Debug|Any CPU
		Release|Any CPU = Release|Any CPU
	EndGlobalSection
	GlobalSection(ProjectConfigurationPlatforms) = postSolution
		{7874CB94-8FA5-4354-884C-E833EC3DC46A}.Debug|Any CPU.ActiveCfg = Debug|Any CPU
		{7874CB94-8FA5-4354-884C-E833EC3DC46A}.Debug|Any CPU.Build.0 = Debug|Any CPU
		{7874CB94-8FA5-4354-884C-E833EC3DC46A}.Release|Any CPU.ActiveCfg = Release|Any CPU
		{7874CB94-8FA5-4354-884C-E833EC3DC46A}.Release|Any CPU.Build.0 = Release|Any CPU
	EndGlobalSection
	GlobalSection(SolutionProperties) = preSolution
		HideSolutionNode = FALSE
	EndGlobalSection
	GlobalSection(ExtensibilityGlobals) = postSolution
		SolutionGuid = {440E1BFA-B0B8-4ECB-86E3-20F11A8FE7AE}
	EndGlobalSection
EndGlobal
