
Microsoft Visual Studio Solution File, Format Version 12.00
# Visual Studio Version 17
VisualStudioVersion = 17.8.34408.163
MinimumVisualStudioVersion = 10.0.40219.1
Project("{FAE04EC0-301F-11D3-BF4B-00C04F79EFBC}") = "UsingVar", "UsingVar\UsingVar.csproj", "{5FF22A65-1F7E-4FA1-945D-0E53530E49FA}"
EndProject
Global
	GlobalSection(SolutionConfigurationPlatforms) = preSolution
		Debug|Any CPU = Debug|Any CPU
		Release|Any CPU = Release|Any CPU
	EndGlobalSection
	GlobalSection(ProjectConfigurationPlatforms) = postSolution
		{5FF22A65-1F7E-4FA1-945D-0E53530E49FA}.Debug|Any CPU.ActiveCfg = Debug|Any CPU
		{5FF22A65-1F7E-4FA1-945D-0E53530E49FA}.Debug|Any CPU.Build.0 = Debug|Any CPU
		{5FF22A65-1F7E-4FA1-945D-0E53530E49FA}.Release|Any CPU.ActiveCfg = Release|Any CPU
		{5FF22A65-1F7E-4FA1-945D-0E53530E49FA}.Release|Any CPU.Build.0 = Release|Any CPU
	EndGlobalSection
	GlobalSection(SolutionProperties) = preSolution
		HideSolutionNode = FALSE
	EndGlobalSection
	GlobalSection(ExtensibilityGlobals) = postSolution
		SolutionGuid = {1D8E3812-5503-4B86-83EC-654AF1C84386}
	EndGlobalSection
EndGlobal
