
Microsoft Visual Studio Solution File, Format Version 12.00
# Visual Studio Version 17
VisualStudioVersion = 17.8.34408.163
MinimumVisualStudioVersion = 10.0.40219.1
Project("{FAE04EC0-301F-11D3-BF4B-00C04F79EFBC}") = "AbstractClass", "AbstractClass\AbstractClass.csproj", "{2826628D-340D-4E3A-9B21-3471D3BEDDF9}"
EndProject
Global
	GlobalSection(SolutionConfigurationPlatforms) = preSolution
		Debug|Any CPU = Debug|Any CPU
		Release|Any CPU = Release|Any CPU
	EndGlobalSection
	GlobalSection(ProjectConfigurationPlatforms) = postSolution
		{2826628D-340D-4E3A-9B21-3471D3BEDDF9}.Debug|Any CPU.ActiveCfg = Debug|Any CPU
		{2826628D-340D-4E3A-9B21-3471D3BEDDF9}.Debug|Any CPU.Build.0 = Debug|Any CPU
		{2826628D-340D-4E3A-9B21-3471D3BEDDF9}.Release|Any CPU.ActiveCfg = Release|Any CPU
		{2826628D-340D-4E3A-9B21-3471D3BEDDF9}.Release|Any CPU.Build.0 = Release|Any CPU
	EndGlobalSection
	GlobalSection(SolutionProperties) = preSolution
		HideSolutionNode = FALSE
	EndGlobalSection
	GlobalSection(ExtensibilityGlobals) = postSolution
		SolutionGuid = {831329D4-BA3D-45FA-8652-1EE78CE13012}
	EndGlobalSection
EndGlobal
