
Microsoft Visual Studio Solution File, Format Version 12.00
# Visual Studio Version 17
VisualStudioVersion = 17.8.34408.163
MinimumVisualStudioVersion = 10.0.40219.1
Project("{FAE04EC0-301F-11D3-BF4B-00C04F79EFBC}") = "Calculate", "Calculate\Calculate.csproj", "{32D63381-387B-474F-863D-94856BCE5207}"
EndProject
Global
	GlobalSection(SolutionConfigurationPlatforms) = preSolution
		Debug|Any CPU = Debug|Any CPU
		Release|Any CPU = Release|Any CPU
	EndGlobalSection
	GlobalSection(ProjectConfigurationPlatforms) = postSolution
		{32D63381-387B-474F-863D-94856BCE5207}.Debug|Any CPU.ActiveCfg = Debug|Any CPU
		{32D63381-387B-474F-863D-94856BCE5207}.Debug|Any CPU.Build.0 = Debug|Any CPU
		{32D63381-387B-474F-863D-94856BCE5207}.Release|Any CPU.ActiveCfg = Release|Any CPU
		{32D63381-387B-474F-863D-94856BCE5207}.Release|Any CPU.Build.0 = Release|Any CPU
	EndGlobalSection
	GlobalSection(SolutionProperties) = preSolution
		HideSolutionNode = FALSE
	EndGlobalSection
	GlobalSection(ExtensibilityGlobals) = postSolution
		SolutionGuid = {DEB8C4E1-E44A-4575-9EEF-184F09830DA4}
	EndGlobalSection
EndGlobal
